
Microsoft Visual Studio Solution File, Format Version 12.00
# Visual Studio 2013
VisualStudioVersion = 12.0.30501.0
MinimumVisualStudioVersion = 10.0.40219.1
Project("{8BC9CEB8-8B4A-11D0-8D11-00A0C91BC942}") = "round2", "round2\round2.vcxproj", "{931CD78D-A7E6-40DB-A261-FE8FF7D4F304}"
EndProject
Global
	GlobalSection(SolutionConfigurationPlatforms) = preSolution
		Debug|Win32 = Debug|Win32
		Release|Win32 = Release|Win32
	EndGlobalSection
	GlobalSection(ProjectConfigurationPlatforms) = postSolution
		{931CD78D-A7E6-40DB-A261-FE8FF7D4F304}.Debug|Win32.ActiveCfg = Debug|Win32
		{931CD78D-A7E6-40DB-A261-FE8FF7D4F304}.Debug|Win32.Build.0 = Debug|Win32
		{931CD78D-A7E6-40DB-A261-FE8FF7D4F304}.Release|Win32.ActiveCfg = Release|Win32
		{931CD78D-A7E6-40DB-A261-FE8FF7D4F304}.Release|Win32.Build.0 = Release|Win32
	EndGlobalSection
	GlobalSection(SolutionProperties) = preSolution
		HideSolutionNode = FALSE
	EndGlobalSection
EndGlobal
